
Microsoft Visual Studio Solution File, Format Version 12.00
# Visual Studio Version 17
VisualStudioVersion = 17.3.32811.315
MinimumVisualStudioVersion = 10.0.40219.1
Project("{FAE04EC0-301F-11D3-BF4B-00C04F79EFBC}") = "BookKeeping", "BookKeeping\BookKeeping.csproj", "{D8C9E450-32C0-4ED8-ADE5-06CDB304B674}"
EndProject
Global
	GlobalSection(SolutionConfigurationPlatforms) = preSolution
		Debug|Any CPU = Debug|Any CPU
		Release|Any CPU = Release|Any CPU
	EndGlobalSection
	GlobalSection(ProjectConfigurationPlatforms) = postSolution
		{D8C9E450-32C0-4ED8-ADE5-06CDB304B674}.Debug|Any CPU.ActiveCfg = Debug|Any CPU
		{D8C9E450-32C0-4ED8-ADE5-06CDB304B674}.Debug|Any CPU.Build.0 = Debug|Any CPU
		{D8C9E450-32C0-4ED8-ADE5-06CDB304B674}.Release|Any CPU.ActiveCfg = Release|Any CPU
		{D8C9E450-32C0-4ED8-ADE5-06CDB304B674}.Release|Any CPU.Build.0 = Release|Any CPU
	EndGlobalSection
	GlobalSection(SolutionProperties) = preSolution
		HideSolutionNode = FALSE
	EndGlobalSection
	GlobalSection(ExtensibilityGlobals) = postSolution
		SolutionGuid = {783AA017-C329-4F56-A9FB-ED2650D3DF6D}
	EndGlobalSection
EndGlobal
